
Microsoft Visual Studio Solution File, Format Version 12.00
# Visual Studio 15
VisualStudioVersion = 15.0.27703.2047
MinimumVisualStudioVersion = 10.0.40219.1
Project("{FAE04EC0-301F-11D3-BF4B-00C04F79EFBC}") = "DemoApp", "DemoApp\DemoApp.csproj", "{9FAF8183-DE9C-4E77-A1C7-32945EE1BC69}"
EndProject
Global
	GlobalSection(SolutionConfigurationPlatforms) = preSolution
		Debug|Any CPU = Debug|Any CPU
		Release|Any CPU = Release|Any CPU
	EndGlobalSection
	GlobalSection(ProjectConfigurationPlatforms) = postSolution
		{9FAF8183-DE9C-4E77-A1C7-32945EE1BC69}.Debug|Any CPU.ActiveCfg = Debug|Any CPU
		{9FAF8183-DE9C-4E77-A1C7-32945EE1BC69}.Debug|Any CPU.Build.0 = Debug|Any CPU
		{9FAF8183-DE9C-4E77-A1C7-32945EE1BC69}.Release|Any CPU.ActiveCfg = Release|Any CPU
		{9FAF8183-DE9C-4E77-A1C7-32945EE1BC69}.Release|Any CPU.Build.0 = Release|Any CPU
	EndGlobalSection
	GlobalSection(SolutionProperties) = preSolution
		HideSolutionNode = FALSE
	EndGlobalSection
	GlobalSection(ExtensibilityGlobals) = postSolution
		SolutionGuid = {EEB40BAF-36D9-4843-A7DE-25C2E89A9FAC}
	EndGlobalSection
EndGlobal
